// !$*UTF8*$!
{
	archiveVersion = 1;
	classes = {
	};
	objectVersion = 46;
	objects = {

/* Begin PBXBuildFile section */
		35EE56B11E01DF4000DA3575 /* AppDelegate.swift in Sources */ = {isa = PBXBuildFile; fileRef = 35EE56B01E01DF4000DA3575 /* AppDelegate.swift */; };
		35EE56B31E01DF4000DA3575 /* ViewController.swift in Sources */ = {isa = PBXBuildFile; fileRef = 35EE56B21E01DF4000DA3575 /* ViewController.swift */; };
		35EE56B61E01DF4000DA3575 /* Main.storyboard in Resources */ = {isa = PBXBuildFile; fileRef = 35EE56B41E01DF4000DA3575 /* Main.storyboard */; };
		35EE56B81E01DF4000DA3575 /* Assets.xcassets in Resources */ = {isa = PBXBuildFile; fileRef = 35EE56B71E01DF4000DA3575 /* Assets.xcassets */; };
		35EE56BB1E01DF4000DA3575 /* LaunchScreen.storyboard in Resources */ = {isa = PBXBuildFile; fileRef = 35EE56B91E01DF4000DA3575 /* LaunchScreen.storyboard */; };
/* End PBXBuildFile section */

/* Begin PBXFileReference section */
		35EE56AD1E01DF4000DA3575 /* SwiftAssembly.app */ = {isa = PBXFileReference; explicitFileType = wrapper.application; includeInIndex = 0; path = SwiftAssembly.app; sourceTree = BUILT_PRODUCTS_DIR; };
		35EE56B01E01DF4000DA3575 /* AppDelegate.swift */ = {isa = PBXFileReference; lastKnownFileType = sourcecode.swift; path = AppDelegate.swift; sourceTree = "<group>"; };
		35EE56B21E01DF4000DA3575 /* ViewController.swift */ = {isa = PBXFileReference; lastKnownFileType = sourcecode.swift; path = ViewController.swift; sourceTree = "<group>"; };
		35EE56B51E01DF4000DA3575 /* Base */ = {isa = PBXFileReference; lastKnownFileType = file.storyboard; name = Base; path = Base.lproj/Main.storyboard; sourceTree = "<group>"; };
		35EE56B71E01DF4000DA3575 /* Assets.xcassets */ = {isa = PBXFileReference; lastKnownFileType = folder.assetcatalog; path = Assets.xcassets; sourceTree = "<group>"; };
		35EE56BA1E01DF4000DA3575 /* Base */ = {isa = PBXFileReference; lastKnownFileType = file.storyboard; name = Base; path = Base.lproj/LaunchScreen.storyboard; sourceTree = "<group>"; };
		35EE56BC1E01DF4000DA3575 /* Info.plist */ = {isa = PBXFileReference; lastKnownFileType = text.plist.xml; path = Info.plist; sourceTree = "<group>"; };
/* End PBXFileReference section */

/* Begin PBXFrameworksBuildPhase section */
		35EE56AA1E01DF4000DA3575 /* Frameworks */ = {
			isa = PBXFrameworksBuildPhase;
			buildActionMask = 2147483647;
			files = (
			);
			runOnlyForDeploymentPostprocessing = 0;
		};
/* End PBXFrameworksBuildPhase section */

/* Begin PBXGroup section */
		35EE56A41E01DF4000DA3575 = {
			isa = PBXGroup;
			children = (
				35EE56AF1E01DF4000DA3575 /* SwiftAssembly */,
				35EE56AE1E01DF4000DA3575 /* Products */,
			);
			sourceTree = "<group>";
		};
		35EE56AE1E01DF4000DA3575 /* Products */ = {
			isa = PBXGroup;
			children = (
				35EE56AD1E01DF4000DA3575 /* SwiftAssembly.app */,
			);
			name = Products;
			sourceTree = "<group>";
		};
		35EE56AF1E01DF4000DA3575 /* SwiftAssembly */ = {
			isa = PBXGroup;
			children = (
				35EE56B01E01DF4000DA3575 /* AppDelegate.swift */,
				35EE56B21E01DF4000DA3575 /* ViewController.swift */,
				35EE56B41E01DF4000DA3575 /* Main.storyboard */,
				35EE56B71E01DF4000DA3575 /* Assets.xcassets */,
				35EE56B91E01DF4000DA3575 /* LaunchScreen.storyboard */,
				35EE56BC1E01DF4000DA3575 /* Info.plist */,
			);
			path = SwiftAssembly;
			sourceTree = "<group>";
		};
/* End PBXGroup section */

/* Begin PBXNativeTarget section */
		35EE56AC1E01DF4000DA3575 /* SwiftAssembly */ = {
			isa = PBXNativeTarget;
			buildConfigurationList = 35EE56BF1E01DF4000DA3575 /* Build configuration list for PBXNativeTarget "SwiftAssembly" */;
			buildPhases = (
				35EE56A91E01DF4000DA3575 /* Sources */,
				35EE56AA1E01DF4000DA3575 /* Frameworks */,
				35EE56AB1E01DF4000DA3575 /* Resources */,
			);
			buildRules = (
			);
			dependencies = (
			);
			name = SwiftAssembly;
			productName = SwiftAssembly;
			productReference = 35EE56AD1E01DF4000DA3575 /* SwiftAssembly.app */;
			productType = "com.apple.product-type.application";
		};
/* End PBXNativeTarget section */

/* Begin PBXProject section */
		35EE56A51E01DF4000DA3575 /* Project object */ = {
			isa = PBXProject;
			attributes = {
				LastSwiftUpdateCheck = 0810;
				LastUpgradeCheck = 0810;
				ORGANIZATIONNAME = "Jonathan Cardasis";
				TargetAttributes = {
					35EE56AC1E01DF4000DA3575 = {
						CreatedOnToolsVersion = 8.1;
						ProvisioningStyle = Automatic;
					};
				};
			};
			buildConfigurationList = 35EE56A81E01DF4000DA3575 /* Build configuration list for PBXProject "SwiftAssembly" */;
			compatibilityVersion = "Xcode 3.2";
			developmentRegion = English;
			hasScannedForEncodings = 0;
			knownRegions = (
				en,
				Base,
			);
			mainGroup = 35EE56A41E01DF4000DA3575;
			productRefGroup = 35EE56AE1E01DF4000DA3575 /* Products */;
			projectDirPath = "";
			projectRoot = "";
			targets = (
				35EE56AC1E01DF4000DA3575 /* SwiftAssembly */,
			);
		};
/* End PBXProject section */

/* Begin PBXResourcesBuildPhase section */
		35EE56AB1E01DF4000DA3575 /* Resources */ = {
			isa = PBXResourcesBuildPhase;
			buildActionMask = 2147483647;
			files = (
				35EE56BB1E01DF4000DA3575 /* LaunchScreen.storyboard in Resources */,
				35EE56B81E01DF4000DA3575 /* Assets.xcassets in Resources */,
				35EE56B61E01DF4000DA3575 /* Main.storyboard in Resources */,
			);
			runOnlyForDeploymentPostprocessing = 0;
		};
/* End PBXResourcesBuildPhase section */

/* Begin PBXSourcesBuildPhase section */
		35EE56A91E01DF4000DA3575 /* Sources */ = {
			isa = PBXSourcesBuildPhase;
			buildActionMask = 2147483647;
			files = (
				35EE56B31E01DF4000DA3575 /* ViewController.swift in Sources */,
				35EE56B11E01DF4000DA3575 /* AppDelegate.swift in Sources */,
			);
			runOnlyForDeploymentPostprocessing = 0;
		};
/* End PBXSourcesBuildPhase section */

/* Begin PBXVariantGroup section */
		35EE56B41E01DF4000DA3575 /* Main.storyboard */ = {
			isa = PBXVariantGroup;
			children = (
				35EE56B51E01DF4000DA3575 /* Base */,
			);
			name = Main.storyboard;
			sourceTree = "<group>";
		};
		35EE56B91E01DF4000DA3575 /* LaunchScreen.storyboard */ = {
			isa = PBXVariantGroup;
			children = (
				35EE56BA1E01DF4000DA3575 /* Base */,
			);
			name = LaunchScreen.storyboard;
			sourceTree = "<group>";
		};
/* End PBXVariantGroup section */

/* Begin XCBuildConfiguration section */
		35EE56BD1E01DF4000DA3575 /* Debug */ = {
			isa = XCBuildConfiguration;
			buildSettings = {
				ALWAYS_SEARCH_USER_PATHS = NO;
				CLANG_ANALYZER_NONNULL = YES;
				CLANG_CXX_LANGUAGE_STANDARD = "gnu++0x";
				CLANG_CXX_LIBRARY = "libc++";
				CLANG_ENABLE_MODULES = YES;
				CLANG_ENABLE_OBJC_ARC = YES;
				CLANG_WARN_BOOL_CONVERSION = YES;
				CLANG_WARN_CONSTANT_CONVERSION = YES;
				CLANG_WARN_DIRECT_OBJC_ISA_USAGE = YES_ERROR;
				CLANG_WARN_DOCUMENTATION_COMMENTS = YES;
				CLANG_WARN_EMPTY_BODY = YES;
				CLANG_WARN_ENUM_CONVERSION = YES;
				CLANG_WARN_INFINITE_RECURSION = YES;
				CLANG_WARN_INT_CONVERSION = YES;
				CLANG_WARN_OBJC_ROOT_CLASS = YES_ERROR;
				CLANG_WARN_SUSPICIOUS_MOVES = YES;
				CLANG_WARN_UNREACHABLE_CODE = YES;
				CLANG_WARN__DUPLICATE_METHOD_MATCH = YES;
				"CODE_SIGN_IDENTITY[sdk=iphoneos*]" = "iPhone Developer";
				COPY_PHASE_STRIP = NO;
				DEBUG_INFORMATION_FORMAT = dwarf;
				ENABLE_STRICT_OBJC_MSGSEND = YES;
				ENABLE_TESTABILITY = YES;
				GCC_C_LANGUAGE_STANDARD = gnu99;
				GCC_DYNAMIC_NO_PIC = NO;
				GCC_NO_COMMON_BLOCKS = YES;
				GCC_OPTIMIZATION_LEVEL = 0;
				GCC_PREPROCESSOR_DEFINITIONS = (
					"DEBUG=1",
					"$(inherited)",
				);
				GCC_WARN_64_TO_32_BIT_CONVERSION = YES;
				GCC_WARN_ABOUT_RETURN_TYPE = YES_ERROR;
				GCC_WARN_UNDECLARED_SELECTOR = YES;
				GCC_WARN_UNINITIALIZED_AUTOS = YES_AGGRESSIVE;
				GCC_WARN_UNUSED_FUNCTION = YES;
				GCC_WARN_UNUSED_VARIABLE = YES;
				IPHONEOS_DEPLOYMENT_TARGET = 10.1;
				MTL_ENABLE_DEBUG_INFO = YES;
				ONLY_ACTIVE_ARCH = YES;
				SDKROOT = iphoneos;
				SWIFT_ACTIVE_COMPILATION_CONDITIONS = DEBUG;
				SWIFT_OPTIMIZATION_LEVEL = "-Onone";
			};
			name = Debug;
		};
		35EE56BE1E01DF4000DA3575 /* Release */ = {
			isa = XCBuildConfiguration;
			buildSettings = {
				ALWAYS_SEARCH_USER_PATHS = NO;
				CLANG_ANALYZER_NONNULL = YES;
				CLANG_CXX_LANGUAGE_STANDARD = "gnu++0x";
				CLANG_CXX_LIBRARY = "libc++";
				CLANG_ENABLE_MODULES = YES;
				CLANG_ENABLE_OBJC_ARC = YES;
				CLANG_WARN_BOOL_CONVERSION = YES;
				CLANG_WARN_CONSTANT_CONVERSION = YES;
				CLANG_WARN_DIRECT_OBJC_ISA_USAGE = YES_ERROR;
				CLANG_WARN_DOCUMENTATION_COMMENTS = YES;
				CLANG_WARN_EMPTY_BODY = YES;
				CLANG_WARN_ENUM_CONVERSION = YES;
				CLANG_WARN_INFINITE_RECURSION = YES;
				CLANG_WARN_INT_CONVERSION = YES;
				CLANG_WARN_OBJC_ROOT_CLASS = YES_ERROR;
				CLANG_WARN_SUSPICIOUS_MOVES = YES;
				CLANG_WARN_UNREACHABLE_CODE = YES;
				CLANG_WARN__DUPLICATE_METHOD_MATCH = YES;
				"CODE_SIGN_IDENTITY[sdk=iphoneos*]" = "iPhone Developer";
				COPY_PHASE_STRIP = NO;
				DEBUG_INFORMATION_FORMAT = "dwarf-with-dsym";
				ENABLE_NS_ASSERTIONS = NO;
				ENABLE_STRICT_OBJC_MSGSEND = YES;
				GCC_C_LANGUAGE_STANDARD = gnu99;
				GCC_NO_COMMON_BLOCKS = YES;
				GCC_WARN_64_TO_32_BIT_CONVERSION = YES;
				GCC_WARN_ABOUT_RETURN_TYPE = YES_ERROR;
				GCC_WARN_UNDECLARED_SELECTOR = YES;
				GCC_WARN_UNINITIALIZED_AUTOS = YES_AGGRESSIVE;
				GCC_WARN_UNUSED_FUNCTION = YES;
				GCC_WARN_UNUSED_VARIABLE = YES;
				IPHONEOS_DEPLOYMENT_TARGET = 10.1;
				MTL_ENABLE_DEBUG_INFO = NO;
				SDKROOT = iphoneos;
				SWIFT_OPTIMIZATION_LEVEL = "-Owholemodule";
				VALIDATE_PRODUCT = YES;
			};
			name = Release;
		};
		35EE56C01E01DF4000DA3575 /* Debug */ = {
			isa = XCBuildConfiguration;
			buildSettings = {
				ASSETCATALOG_COMPILER_APPICON_NAME = AppIcon;
				INFOPLIST_FILE = SwiftAssembly/Info.plist;
				LD_RUNPATH_SEARCH_PATHS = "$(inherited) @executable_path/Frameworks";
				PRODUCT_BUNDLE_IDENTIFIER = com.jonathancardasis.SwiftAssembly;
				PRODUCT_NAME = "$(TARGET_NAME)";
				SWIFT_VERSION = 3.0;
			};
			name = Debug;
		};
		35EE56C11E01DF4000DA3575 /* Release */ = {
			isa = XCBuildConfiguration;
			buildSettings = {
				ASSETCATALOG_COMPILER_APPICON_NAME = AppIcon;
				INFOPLIST_FILE = SwiftAssembly/Info.plist;
				LD_RUNPATH_SEARCH_PATHS = "$(inherited) @executable_path/Frameworks";
				PRODUCT_BUNDLE_IDENTIFIER = com.jonathancardasis.SwiftAssembly;
				PRODUCT_NAME = "$(TARGET_NAME)";
				SWIFT_VERSION = 3.0;
			};
			name = Release;
		};
/* End XCBuildConfiguration section */

/* Begin XCConfigurationList section */
		35EE56A81E01DF4000DA3575 /* Build configuration list for PBXProject "SwiftAssembly" */ = {
			isa = XCConfigurationList;
			buildConfigurations = (
				35EE56BD1E01DF4000DA3575 /* Debug */,
				35EE56BE1E01DF4000DA3575 /* Release */,
			);
			defaultConfigurationIsVisible = 0;
			defaultConfigurationName = Release;
		};
		35EE56BF1E01DF4000DA3575 /* Build configuration list for PBXNativeTarget "SwiftAssembly" */ = {
			isa = XCConfigurationList;
			buildConfigurations = (
				35EE56C01E01DF4000DA3575 /* Debug */,
				35EE56C11E01DF4000DA3575 /* Release */,
			);
			defaultConfigurationIsVisible = 0;
		};
/* End XCConfigurationList section */
	};
	rootObject = 35EE56A51E01DF4000DA3575 /* Project object */;
}
